
Microsoft Visual Studio Solution File, Format Version 12.00
# Visual Studio 15
VisualStudioVersion = 15.0.27428.2015
MinimumVisualStudioVersion = 10.0.40219.1
Project("{FAE04EC0-301F-11D3-BF4B-00C04F79EFBC}") = "WebMvc.Web", "WebMvc.Web\WebMvc.Web.csproj", "{478B9E2D-AEB9-4089-AD66-1A4BD56EFDD3}"
EndProject
Project("{FAE04EC0-301F-11D3-BF4B-00C04F79EFBC}") = "WebMvc.IOC", "WebMvc.IOC\WebMvc.IOC.csproj", "{7D7FCEC6-C86F-42A1-A4A2-ADF9E46C6028}"
EndProject
Project("{FAE04EC0-301F-11D3-BF4B-00C04F79EFBC}") = "WebMvc.Domain", "WebMvc.Domain\WebMvc.Domain.csproj", "{40B1966C-0C21-484A-BF4A-82D5667858FD}"
EndProject
Project("{FAE04EC0-301F-11D3-BF4B-00C04F79EFBC}") = "WebMvc.Services", "WebMvc.Services\WebMvc.Services.csproj", "{9763F9E5-8A72-4457-8C1B-04C952C10D5B}"
EndProject
Project("{FAE04EC0-301F-11D3-BF4B-00C04F79EFBC}") = "WebMvc.Utilities", "WebMvc.Utilities\WebMvc.Utilities.csproj", "{FC243C93-D32A-46E2-BD8A-6ECCF75DD92A}"
EndProject
Global
	GlobalSection(SolutionConfigurationPlatforms) = preSolution
		Debug|Any CPU = Debug|Any CPU
		Release|Any CPU = Release|Any CPU
	EndGlobalSection
	GlobalSection(ProjectConfigurationPlatforms) = postSolution
		{478B9E2D-AEB9-4089-AD66-1A4BD56EFDD3}.Debug|Any CPU.ActiveCfg = Debug|Any CPU
		{478B9E2D-AEB9-4089-AD66-1A4BD56EFDD3}.Debug|Any CPU.Build.0 = Debug|Any CPU
		{478B9E2D-AEB9-4089-AD66-1A4BD56EFDD3}.Release|Any CPU.ActiveCfg = Release|Any CPU
		{478B9E2D-AEB9-4089-AD66-1A4BD56EFDD3}.Release|Any CPU.Build.0 = Release|Any CPU
		{7D7FCEC6-C86F-42A1-A4A2-ADF9E46C6028}.Debug|Any CPU.ActiveCfg = Debug|Any CPU
		{7D7FCEC6-C86F-42A1-A4A2-ADF9E46C6028}.Debug|Any CPU.Build.0 = Debug|Any CPU
		{7D7FCEC6-C86F-42A1-A4A2-ADF9E46C6028}.Release|Any CPU.ActiveCfg = Release|Any CPU
		{7D7FCEC6-C86F-42A1-A4A2-ADF9E46C6028}.Release|Any CPU.Build.0 = Release|Any CPU
		{40B1966C-0C21-484A-BF4A-82D5667858FD}.Debug|Any CPU.ActiveCfg = Debug|Any CPU
		{40B1966C-0C21-484A-BF4A-82D5667858FD}.Debug|Any CPU.Build.0 = Debug|Any CPU
		{40B1966C-0C21-484A-BF4A-82D5667858FD}.Release|Any CPU.ActiveCfg = Release|Any CPU
		{40B1966C-0C21-484A-BF4A-82D5667858FD}.Release|Any CPU.Build.0 = Release|Any CPU
		{9763F9E5-8A72-4457-8C1B-04C952C10D5B}.Debug|Any CPU.ActiveCfg = Debug|Any CPU
		{9763F9E5-8A72-4457-8C1B-04C952C10D5B}.Debug|Any CPU.Build.0 = Debug|Any CPU
		{9763F9E5-8A72-4457-8C1B-04C952C10D5B}.Release|Any CPU.ActiveCfg = Release|Any CPU
		{9763F9E5-8A72-4457-8C1B-04C952C10D5B}.Release|Any CPU.Build.0 = Release|Any CPU
		{FC243C93-D32A-46E2-BD8A-6ECCF75DD92A}.Debug|Any CPU.ActiveCfg = Debug|Any CPU
		{FC243C93-D32A-46E2-BD8A-6ECCF75DD92A}.Debug|Any CPU.Build.0 = Debug|Any CPU
		{FC243C93-D32A-46E2-BD8A-6ECCF75DD92A}.Release|Any CPU.ActiveCfg = Release|Any CPU
		{FC243C93-D32A-46E2-BD8A-6ECCF75DD92A}.Release|Any CPU.Build.0 = Release|Any CPU
	EndGlobalSection
	GlobalSection(SolutionProperties) = preSolution
		HideSolutionNode = FALSE
	EndGlobalSection
	GlobalSection(ExtensibilityGlobals) = postSolution
		SolutionGuid = {7FA780B5-5531-49EE-9BB7-23AA8160AA29}
	EndGlobalSection
EndGlobal
